// !$*UTF8*$!
{
	archiveVersion = 1;
	classes = {
	};
	objectVersion = 56;
	objects = {

/* Begin PBXBuildFile section */
		7A37450E2C9AD578009FA1E9 /* VLCKitSPM in Frameworks */ = {isa = PBXBuildFile; productRef = 7A37450D2C9AD578009FA1E9 /* VLCKitSPM */; };
		7ACDDD472C9AC7E700F4163C /* AppDelegate.swift in Sources */ = {isa = PBXBuildFile; fileRef = 7ACDDD462C9AC7E700F4163C /* AppDelegate.swift */; };
		7ACDDD492C9AC7E700F4163C /* SceneDelegate.swift in Sources */ = {isa = PBXBuildFile; fileRef = 7ACDDD482C9AC7E700F4163C /* SceneDelegate.swift */; };
		7ACDDD4B2C9AC7E700F4163C /* ViewController.swift in Sources */ = {isa = PBXBuildFile; fileRef = 7ACDDD4A2C9AC7E700F4163C /* ViewController.swift */; };
		7ACDDD4E2C9AC7E700F4163C /* Base in Resources */ = {isa = PBXBuildFile; fileRef = 7ACDDD4D2C9AC7E700F4163C /* Base */; };
		7ACDDD502C9AC7E900F4163C /* Assets.xcassets in Resources */ = {isa = PBXBuildFile; fileRef = 7ACDDD4F2C9AC7E900F4163C /* Assets.xcassets */; };
		7ACDDD532C9AC7E900F4163C /* Base in Resources */ = {isa = PBXBuildFile; fileRef = 7ACDDD522C9AC7E900F4163C /* Base */; };
/* End PBXBuildFile section */

/* Begin PBXFileReference section */
		7ACDDD432C9AC7E700F4163C /* vlcjuncook.app */ = {isa = PBXFileReference; explicitFileType = wrapper.application; includeInIndex = 0; path = vlcjuncook.app; sourceTree = BUILT_PRODUCTS_DIR; };
		7ACDDD462C9AC7E700F4163C /* AppDelegate.swift */ = {isa = PBXFileReference; lastKnownFileType = sourcecode.swift; path = AppDelegate.swift; sourceTree = "<group>"; };
		7ACDDD482C9AC7E700F4163C /* SceneDelegate.swift */ = {isa = PBXFileReference; lastKnownFileType = sourcecode.swift; path = SceneDelegate.swift; sourceTree = "<group>"; };
		7ACDDD4A2C9AC7E700F4163C /* ViewController.swift */ = {isa = PBXFileReference; lastKnownFileType = sourcecode.swift; path = ViewController.swift; sourceTree = "<group>"; };
		7ACDDD4D2C9AC7E700F4163C /* Base */ = {isa = PBXFileReference; lastKnownFileType = file.storyboard; name = Base; path = Base.lproj/Main.storyboard; sourceTree = "<group>"; };
		7ACDDD4F2C9AC7E900F4163C /* Assets.xcassets */ = {isa = PBXFileReference; lastKnownFileType = folder.assetcatalog; path = Assets.xcassets; sourceTree = "<group>"; };
		7ACDDD522C9AC7E900F4163C /* Base */ = {isa = PBXFileReference; lastKnownFileType = file.storyboard; name = Base; path = Base.lproj/LaunchScreen.storyboard; sourceTree = "<group>"; };
		7ACDDD542C9AC7E900F4163C /* Info.plist */ = {isa = PBXFileReference; lastKnownFileType = text.plist.xml; path = Info.plist; sourceTree = "<group>"; };
		7ACDDD5D2C9AC7E900F4163C /* vlcjuncookTests.swift */ = {isa = PBXFileReference; lastKnownFileType = sourcecode.swift; path = vlcjuncookTests.swift; sourceTree = "<group>"; };
		7ACDDD672C9AC7E900F4163C /* vlcjuncookUITests.swift */ = {isa = PBXFileReference; lastKnownFileType = sourcecode.swift; path = vlcjuncookUITests.swift; sourceTree = "<group>"; };
		7ACDDD692C9AC7E900F4163C /* vlcjuncookUITestsLaunchTests.swift */ = {isa = PBXFileReference; lastKnownFileType = sourcecode.swift; path = vlcjuncookUITestsLaunchTests.swift; sourceTree = "<group>"; };
/* End PBXFileReference section */

/* Begin PBXFrameworksBuildPhase section */
		7ACDDD402C9AC7E700F4163C /* Frameworks */ = {
			isa = PBXFrameworksBuildPhase;
			buildActionMask = 2147483647;
			files = (
				7A37450E2C9AD578009FA1E9 /* VLCKitSPM in Frameworks */,
			);
			runOnlyForDeploymentPostprocessing = 0;
		};
/* End PBXFrameworksBuildPhase section */

/* Begin PBXGroup section */
		0F607ADBEDF7BD8BECED6C51 /* Pods */ = {
			isa = PBXGroup;
			children = (
			);
			path = Pods;
			sourceTree = "<group>";
		};
		7ACDDD3A2C9AC7E700F4163C = {
			isa = PBXGroup;
			children = (
				7ACDDD452C9AC7E700F4163C /* vlcjuncook */,
				7ACDDD5C2C9AC7E900F4163C /* vlcjuncookTests */,
				7ACDDD662C9AC7E900F4163C /* vlcjuncookUITests */,
				7ACDDD442C9AC7E700F4163C /* Products */,
				0F607ADBEDF7BD8BECED6C51 /* Pods */,
			);
			sourceTree = "<group>";
		};
		7ACDDD442C9AC7E700F4163C /* Products */ = {
			isa = PBXGroup;
			children = (
				7ACDDD432C9AC7E700F4163C /* vlcjuncook.app */,
			);
			name = Products;
			sourceTree = "<group>";
		};
		7ACDDD452C9AC7E700F4163C /* vlcjuncook */ = {
			isa = PBXGroup;
			children = (
				7ACDDD462C9AC7E700F4163C /* AppDelegate.swift */,
				7ACDDD482C9AC7E700F4163C /* SceneDelegate.swift */,
				7ACDDD4A2C9AC7E700F4163C /* ViewController.swift */,
				7ACDDD4C2C9AC7E700F4163C /* Main.storyboard */,
				7ACDDD4F2C9AC7E900F4163C /* Assets.xcassets */,
				7ACDDD512C9AC7E900F4163C /* LaunchScreen.storyboard */,
				7ACDDD542C9AC7E900F4163C /* Info.plist */,
			);
			path = vlcjuncook;
			sourceTree = "<group>";
		};
		7ACDDD5C2C9AC7E900F4163C /* vlcjuncookTests */ = {
			isa = PBXGroup;
			children = (
				7ACDDD5D2C9AC7E900F4163C /* vlcjuncookTests.swift */,
			);
			path = vlcjuncookTests;
			sourceTree = "<group>";
		};
		7ACDDD662C9AC7E900F4163C /* vlcjuncookUITests */ = {
			isa = PBXGroup;
			children = (
				7ACDDD672C9AC7E900F4163C /* vlcjuncookUITests.swift */,
				7ACDDD692C9AC7E900F4163C /* vlcjuncookUITestsLaunchTests.swift */,
			);
			path = vlcjuncookUITests;
			sourceTree = "<group>";
		};
/* End PBXGroup section */

/* Begin PBXNativeTarget section */
		7ACDDD422C9AC7E700F4163C /* vlcjuncook */ = {
			isa = PBXNativeTarget;
			buildConfigurationList = 7ACDDD6D2C9AC7E900F4163C /* Build configuration list for PBXNativeTarget "vlcjuncook" */;
			buildPhases = (
				7ACDDD3F2C9AC7E700F4163C /* Sources */,
				7ACDDD402C9AC7E700F4163C /* Frameworks */,
				7ACDDD412C9AC7E700F4163C /* Resources */,
			);
			buildRules = (
			);
			dependencies = (
			);
			name = vlcjuncook;
			packageProductDependencies = (
				7A37450D2C9AD578009FA1E9 /* VLCKitSPM */,
			);
			productName = vlcjuncook;
			productReference = 7ACDDD432C9AC7E700F4163C /* vlcjuncook.app */;
			productType = "com.apple.product-type.application";
		};
/* End PBXNativeTarget section */

/* Begin PBXProject section */
		7ACDDD3B2C9AC7E700F4163C /* Project object */ = {
			isa = PBXProject;
			attributes = {
				BuildIndependentTargetsInParallel = 1;
				LastSwiftUpdateCheck = 1540;
				LastUpgradeCheck = 1540;
				TargetAttributes = {
					7ACDDD422C9AC7E700F4163C = {
						CreatedOnToolsVersion = 15.4;
					};
				};
			};
			buildConfigurationList = 7ACDDD3E2C9AC7E700F4163C /* Build configuration list for PBXProject "vlcjuncook" */;
			compatibilityVersion = "Xcode 14.0";
			developmentRegion = en;
			hasScannedForEncodings = 0;
			knownRegions = (
				en,
				Base,
			);
			mainGroup = 7ACDDD3A2C9AC7E700F4163C;
			packageReferences = (
				7A37450C2C9AD578009FA1E9 /* XCRemoteSwiftPackageReference "vlc_spm" */,
			);
			productRefGroup = 7ACDDD442C9AC7E700F4163C /* Products */;
			projectDirPath = "";
			projectRoot = "";
			targets = (
				7ACDDD422C9AC7E700F4163C /* vlcjuncook */,
			);
		};
/* End PBXProject section */

/* Begin PBXResourcesBuildPhase section */
		7ACDDD412C9AC7E700F4163C /* Resources */ = {
			isa = PBXResourcesBuildPhase;
			buildActionMask = 2147483647;
			files = (
				7ACDDD502C9AC7E900F4163C /* Assets.xcassets in Resources */,
				7ACDDD532C9AC7E900F4163C /* Base in Resources */,
				7ACDDD4E2C9AC7E700F4163C /* Base in Resources */,
			);
			runOnlyForDeploymentPostprocessing = 0;
		};
/* End PBXResourcesBuildPhase section */

/* Begin PBXSourcesBuildPhase section */
		7ACDDD3F2C9AC7E700F4163C /* Sources */ = {
			isa = PBXSourcesBuildPhase;
			buildActionMask = 2147483647;
			files = (
				7ACDDD4B2C9AC7E700F4163C /* ViewController.swift in Sources */,
				7ACDDD472C9AC7E700F4163C /* AppDelegate.swift in Sources */,
				7ACDDD492C9AC7E700F4163C /* SceneDelegate.swift in Sources */,
			);
			runOnlyForDeploymentPostprocessing = 0;
		};
/* End PBXSourcesBuildPhase section */

/* Begin PBXVariantGroup section */
		7ACDDD4C2C9AC7E700F4163C /* Main.storyboard */ = {
			isa = PBXVariantGroup;
			children = (
				7ACDDD4D2C9AC7E700F4163C /* Base */,
			);
			name = Main.storyboard;
			sourceTree = "<group>";
		};
		7ACDDD512C9AC7E900F4163C /* LaunchScreen.storyboard */ = {
			isa = PBXVariantGroup;
			children = (
				7ACDDD522C9AC7E900F4163C /* Base */,
			);
			name = LaunchScreen.storyboard;
			sourceTree = "<group>";
		};
/* End PBXVariantGroup section */

/* Begin XCBuildConfiguration section */
		7ACDDD6B2C9AC7E900F4163C /* Debug */ = {
			isa = XCBuildConfiguration;
			buildSettings = {
				ALWAYS_SEARCH_USER_PATHS = NO;
				ASSETCATALOG_COMPILER_GENERATE_SWIFT_ASSET_SYMBOL_EXTENSIONS = YES;
				CLANG_ANALYZER_NONNULL = YES;
				CLANG_ANALYZER_NUMBER_OBJECT_CONVERSION = YES_AGGRESSIVE;
				CLANG_CXX_LANGUAGE_STANDARD = "gnu++20";
				CLANG_ENABLE_MODULES = YES;
				CLANG_ENABLE_OBJC_ARC = YES;
				CLANG_ENABLE_OBJC_WEAK = YES;
				CLANG_WARN_BLOCK_CAPTURE_AUTORELEASING = YES;
				CLANG_WARN_BOOL_CONVERSION = YES;
				CLANG_WARN_COMMA = YES;
				CLANG_WARN_CONSTANT_CONVERSION = YES;
				CLANG_WARN_DEPRECATED_OBJC_IMPLEMENTATIONS = YES;
				CLANG_WARN_DIRECT_OBJC_ISA_USAGE = YES_ERROR;
				CLANG_WARN_DOCUMENTATION_COMMENTS = YES;
				CLANG_WARN_EMPTY_BODY = YES;
				CLANG_WARN_ENUM_CONVERSION = YES;
				CLANG_WARN_INFINITE_RECURSION = YES;
				CLANG_WARN_INT_CONVERSION = YES;
				CLANG_WARN_NON_LITERAL_NULL_CONVERSION = YES;
				CLANG_WARN_OBJC_IMPLICIT_RETAIN_SELF = YES;
				CLANG_WARN_OBJC_LITERAL_CONVERSION = YES;
				CLANG_WARN_OBJC_ROOT_CLASS = YES_ERROR;
				CLANG_WARN_QUOTED_INCLUDE_IN_FRAMEWORK_HEADER = YES;
				CLANG_WARN_RANGE_LOOP_ANALYSIS = YES;
				CLANG_WARN_STRICT_PROTOTYPES = YES;
				CLANG_WARN_SUSPICIOUS_MOVE = YES;
				CLANG_WARN_UNGUARDED_AVAILABILITY = YES_AGGRESSIVE;
				CLANG_WARN_UNREACHABLE_CODE = YES;
				CLANG_WARN__DUPLICATE_METHOD_MATCH = YES;
				COPY_PHASE_STRIP = NO;
				DEBUG_INFORMATION_FORMAT = dwarf;
				ENABLE_STRICT_OBJC_MSGSEND = YES;
				ENABLE_TESTABILITY = YES;
				ENABLE_USER_SCRIPT_SANDBOXING = YES;
				GCC_C_LANGUAGE_STANDARD = gnu17;
				GCC_DYNAMIC_NO_PIC = NO;
				GCC_NO_COMMON_BLOCKS = YES;
				GCC_OPTIMIZATION_LEVEL = 0;
				GCC_PREPROCESSOR_DEFINITIONS = (
					"DEBUG=1",
					"$(inherited)",
				);
				GCC_WARN_64_TO_32_BIT_CONVERSION = YES;
				GCC_WARN_ABOUT_RETURN_TYPE = YES_ERROR;
				GCC_WARN_UNDECLARED_SELECTOR = YES;
				GCC_WARN_UNINITIALIZED_AUTOS = YES_AGGRESSIVE;
				GCC_WARN_UNUSED_FUNCTION = YES;
				GCC_WARN_UNUSED_VARIABLE = YES;
				IPHONEOS_DEPLOYMENT_TARGET = 17.5;
				LOCALIZATION_PREFERS_STRING_CATALOGS = YES;
				MTL_ENABLE_DEBUG_INFO = INCLUDE_SOURCE;
				MTL_FAST_MATH = YES;
				ONLY_ACTIVE_ARCH = YES;
				SDKROOT = iphoneos;
				SWIFT_ACTIVE_COMPILATION_CONDITIONS = "DEBUG $(inherited)";
				SWIFT_OPTIMIZATION_LEVEL = "-Onone";
			};
			name = Debug;
		};
		7ACDDD6C2C9AC7E900F4163C /* Release */ = {
			isa = XCBuildConfiguration;
			buildSettings = {
				ALWAYS_SEARCH_USER_PATHS = NO;
				ASSETCATALOG_COMPILER_GENERATE_SWIFT_ASSET_SYMBOL_EXTENSIONS = YES;
				CLANG_ANALYZER_NONNULL = YES;
				CLANG_ANALYZER_NUMBER_OBJECT_CONVERSION = YES_AGGRESSIVE;
				CLANG_CXX_LANGUAGE_STANDARD = "gnu++20";
				CLANG_ENABLE_MODULES = YES;
				CLANG_ENABLE_OBJC_ARC = YES;
				CLANG_ENABLE_OBJC_WEAK = YES;
				CLANG_WARN_BLOCK_CAPTURE_AUTORELEASING = YES;
				CLANG_WARN_BOOL_CONVERSION = YES;
				CLANG_WARN_COMMA = YES;
				CLANG_WARN_CONSTANT_CONVERSION = YES;
				CLANG_WARN_DEPRECATED_OBJC_IMPLEMENTATIONS = YES;
				CLANG_WARN_DIRECT_OBJC_ISA_USAGE = YES_ERROR;
				CLANG_WARN_DOCUMENTATION_COMMENTS = YES;
				CLANG_WARN_EMPTY_BODY = YES;
				CLANG_WARN_ENUM_CONVERSION = YES;
				CLANG_WARN_INFINITE_RECURSION = YES;
				CLANG_WARN_INT_CONVERSION = YES;
				CLANG_WARN_NON_LITERAL_NULL_CONVERSION = YES;
				CLANG_WARN_OBJC_IMPLICIT_RETAIN_SELF = YES;
				CLANG_WARN_OBJC_LITERAL_CONVERSION = YES;
				CLANG_WARN_OBJC_ROOT_CLASS = YES_ERROR;
				CLANG_WARN_QUOTED_INCLUDE_IN_FRAMEWORK_HEADER = YES;
				CLANG_WARN_RANGE_LOOP_ANALYSIS = YES;
				CLANG_WARN_STRICT_PROTOTYPES = YES;
				CLANG_WARN_SUSPICIOUS_MOVE = YES;
				CLANG_WARN_UNGUARDED_AVAILABILITY = YES_AGGRESSIVE;
				CLANG_WARN_UNREACHABLE_CODE = YES;
				CLANG_WARN__DUPLICATE_METHOD_MATCH = YES;
				COPY_PHASE_STRIP = NO;
				DEBUG_INFORMATION_FORMAT = "dwarf-with-dsym";
				ENABLE_NS_ASSERTIONS = NO;
				ENABLE_STRICT_OBJC_MSGSEND = YES;
				ENABLE_USER_SCRIPT_SANDBOXING = YES;
				GCC_C_LANGUAGE_STANDARD = gnu17;
				GCC_NO_COMMON_BLOCKS = YES;
				GCC_WARN_64_TO_32_BIT_CONVERSION = YES;
				GCC_WARN_ABOUT_RETURN_TYPE = YES_ERROR;
				GCC_WARN_UNDECLARED_SELECTOR = YES;
				GCC_WARN_UNINITIALIZED_AUTOS = YES_AGGRESSIVE;
				GCC_WARN_UNUSED_FUNCTION = YES;
				GCC_WARN_UNUSED_VARIABLE = YES;
				IPHONEOS_DEPLOYMENT_TARGET = 17.5;
				LOCALIZATION_PREFERS_STRING_CATALOGS = YES;
				MTL_ENABLE_DEBUG_INFO = NO;
				MTL_FAST_MATH = YES;
				SDKROOT = iphoneos;
				SWIFT_COMPILATION_MODE = wholemodule;
				VALIDATE_PRODUCT = YES;
			};
			name = Release;
		};
		7ACDDD6E2C9AC7E900F4163C /* Debug */ = {
			isa = XCBuildConfiguration;
			buildSettings = {
				ASSETCATALOG_COMPILER_APPICON_NAME = AppIcon;
				ASSETCATALOG_COMPILER_GLOBAL_ACCENT_COLOR_NAME = AccentColor;
				CODE_SIGN_STYLE = Automatic;
				CURRENT_PROJECT_VERSION = 1;
				DEVELOPMENT_TEAM = UMWAV3889L;
				GENERATE_INFOPLIST_FILE = YES;
				INFOPLIST_FILE = vlcjuncook/Info.plist;
				INFOPLIST_KEY_UIApplicationSupportsIndirectInputEvents = YES;
				INFOPLIST_KEY_UILaunchStoryboardName = LaunchScreen;
				INFOPLIST_KEY_UIMainStoryboardFile = Main;
				INFOPLIST_KEY_UISupportedInterfaceOrientations_iPad = "UIInterfaceOrientationPortrait UIInterfaceOrientationPortraitUpsideDown UIInterfaceOrientationLandscapeLeft UIInterfaceOrientationLandscapeRight";
				INFOPLIST_KEY_UISupportedInterfaceOrientations_iPhone = "UIInterfaceOrientationPortrait UIInterfaceOrientationLandscapeLeft UIInterfaceOrientationLandscapeRight";
				IPHONEOS_DEPLOYMENT_TARGET = 13.0;
				LD_RUNPATH_SEARCH_PATHS = (
					"$(inherited)",
					"@executable_path/Frameworks",
				);
				MARKETING_VERSION = 1.0;
				PRODUCT_BUNDLE_IDENTIFIER = com.juncook.vlcjuncook;
				PRODUCT_NAME = "$(TARGET_NAME)";
				SWIFT_EMIT_LOC_STRINGS = YES;
				SWIFT_VERSION = 5.0;
				TARGETED_DEVICE_FAMILY = "1,2";
			};
			name = Debug;
		};
		7ACDDD6F2C9AC7E900F4163C /* Release */ = {
			isa = XCBuildConfiguration;
			buildSettings = {
				ASSETCATALOG_COMPILER_APPICON_NAME = AppIcon;
				ASSETCATALOG_COMPILER_GLOBAL_ACCENT_COLOR_NAME = AccentColor;
				CODE_SIGN_STYLE = Automatic;
				CURRENT_PROJECT_VERSION = 1;
				DEVELOPMENT_TEAM = UMWAV3889L;
				GENERATE_INFOPLIST_FILE = YES;
				INFOPLIST_FILE = vlcjuncook/Info.plist;
				INFOPLIST_KEY_UIApplicationSupportsIndirectInputEvents = YES;
				INFOPLIST_KEY_UILaunchStoryboardName = LaunchScreen;
				INFOPLIST_KEY_UIMainStoryboardFile = Main;
				INFOPLIST_KEY_UISupportedInterfaceOrientations_iPad = "UIInterfaceOrientationPortrait UIInterfaceOrientationPortraitUpsideDown UIInterfaceOrientationLandscapeLeft UIInterfaceOrientationLandscapeRight";
				INFOPLIST_KEY_UISupportedInterfaceOrientations_iPhone = "UIInterfaceOrientationPortrait UIInterfaceOrientationLandscapeLeft UIInterfaceOrientationLandscapeRight";
				IPHONEOS_DEPLOYMENT_TARGET = 13.0;
				LD_RUNPATH_SEARCH_PATHS = (
					"$(inherited)",
					"@executable_path/Frameworks",
				);
				MARKETING_VERSION = 1.0;
				PRODUCT_BUNDLE_IDENTIFIER = com.juncook.vlcjuncook;
				PRODUCT_NAME = "$(TARGET_NAME)";
				SWIFT_EMIT_LOC_STRINGS = YES;
				SWIFT_VERSION = 5.0;
				TARGETED_DEVICE_FAMILY = "1,2";
			};
			name = Release;
		};
/* End XCBuildConfiguration section */

/* Begin XCConfigurationList section */
		7ACDDD3E2C9AC7E700F4163C /* Build configuration list for PBXProject "vlcjuncook" */ = {
			isa = XCConfigurationList;
			buildConfigurations = (
				7ACDDD6B2C9AC7E900F4163C /* Debug */,
				7ACDDD6C2C9AC7E900F4163C /* Release */,
			);
			defaultConfigurationIsVisible = 0;
			defaultConfigurationName = Release;
		};
		7ACDDD6D2C9AC7E900F4163C /* Build configuration list for PBXNativeTarget "vlcjuncook" */ = {
			isa = XCConfigurationList;
			buildConfigurations = (
				7ACDDD6E2C9AC7E900F4163C /* Debug */,
				7ACDDD6F2C9AC7E900F4163C /* Release */,
			);
			defaultConfigurationIsVisible = 0;
			defaultConfigurationName = Release;
		};
/* End XCConfigurationList section */

/* Begin XCRemoteSwiftPackageReference section */
		7A37450C2C9AD578009FA1E9 /* XCRemoteSwiftPackageReference "vlc_spm" */ = {
			isa = XCRemoteSwiftPackageReference;
			repositoryURL = "https://gitlab.com/Kyrylenko/vlc_spm";
			requirement = {
				branch = main;
				kind = branch;
			};
		};
/* End XCRemoteSwiftPackageReference section */

/* Begin XCSwiftPackageProductDependency section */
		7A37450D2C9AD578009FA1E9 /* VLCKitSPM */ = {
			isa = XCSwiftPackageProductDependency;
			package = 7A37450C2C9AD578009FA1E9 /* XCRemoteSwiftPackageReference "vlc_spm" */;
			productName = VLCKitSPM;
		};
/* End XCSwiftPackageProductDependency section */
	};
	rootObject = 7ACDDD3B2C9AC7E700F4163C /* Project object */;
}
